
Microsoft Visual Studio Solution File, Format Version 12.00
# Visual Studio Version 17
VisualStudioVersion = 17.5.33516.290
MinimumVisualStudioVersion = 10.0.40219.1
Project("{FAE04EC0-301F-11D3-BF4B-00C04F79EFBC}") = "AlgorithmCodeKata", "AlgorithmCodeKata\AlgorithmCodeKata.csproj", "{5CB20753-09B4-4744-9F19-EBF22E53B86A}"
EndProject
Global
	GlobalSection(SolutionConfigurationPlatforms) = preSolution
		Debug|Any CPU = Debug|Any CPU
		Release|Any CPU = Release|Any CPU
	EndGlobalSection
	GlobalSection(ProjectConfigurationPlatforms) = postSolution
		{5CB20753-09B4-4744-9F19-EBF22E53B86A}.Debug|Any CPU.ActiveCfg = Debug|Any CPU
		{5CB20753-09B4-4744-9F19-EBF22E53B86A}.Debug|Any CPU.Build.0 = Debug|Any CPU
		{5CB20753-09B4-4744-9F19-EBF22E53B86A}.Release|Any CPU.ActiveCfg = Release|Any CPU
		{5CB20753-09B4-4744-9F19-EBF22E53B86A}.Release|Any CPU.Build.0 = Release|Any CPU
	EndGlobalSection
	GlobalSection(SolutionProperties) = preSolution
		HideSolutionNode = FALSE
	EndGlobalSection
	GlobalSection(ExtensibilityGlobals) = postSolution
		SolutionGuid = {13859826-366D-45E4-BB48-FFA52431CCF4}
	EndGlobalSection
EndGlobal
